{
  "name": "@nodenv/nodenv-package-json-engine",
  "version": "3.0.2",
  "lockfileVersion": 1,
  "requires": true,
  "dependencies": {
    "@nodenv/nodenv": {
      "version": "1.2.0",
      "resolved": "https://registry.npmjs.org/@nodenv/nodenv/-/nodenv-1.2.0.tgz",
      "integrity": "sha512-Vk5ekUSdwChoWVx5tuKJZ003a+Fqwe2i0wiUwZL7lvV76x4+ZK260Dm3F0XQMUz6pbN1/wbRdgAIRd90pPMFyg==",
      "dev": true
    },
    "JSON.sh": {
      "version": "0.3.3",
      "resolved": "https://registry.npmjs.org/JSON.sh/-/JSON.sh-0.3.3.tgz",
      "integrity": "sha1-OgVKdi8yq5iamSZJZ1QV4JU+4Hg="
    },
    "bats": {
      "version": "1.1.0",
      "resolved": "https://registry.npmjs.org/bats/-/bats-1.1.0.tgz",
      "integrity": "sha512-1pA29OhDByrUtAXX+nmqZxgRgx2y8PvuZzbLJVjd2dpEDVDvz0MjcBMdmIPNq5lC+tG53G+RbeRsbIlv3vw7tg==",
      "dev": true
    },
    "bats-assert": {
      "version": "github:jasonkarns/bats-assert-1#8200039faf9790c05d9865490c97a0e101b9c80f",
      "dev": true
    },
    "bats-support": {
      "version": "github:jasonkarns/bats-support#004e707638eedd62e0481e8cdc9223ad471f12ee",
      "dev": true
    },
    "brew-publish": {
      "version": "2.3.1",
      "resolved": "https://registry.npmjs.org/brew-publish/-/brew-publish-2.3.1.tgz",
      "integrity": "sha512-JtitWM9jtnQk2gerUbvpiYJqUPYrvU43Wet1FDm9w81nJJO4BLAeVLUTFWQTQkV7QtE3AVO203R/67NeTMxzVw==",
      "dev": true
    },
    "sh-semver": {
      "version": "1.0.0",
      "resolved": "https://registry.npmjs.org/sh-semver/-/sh-semver-1.0.0.tgz",
      "integrity": "sha1-aIBsvAKjJEXkLsC0y3E8FP05ynk="
    }
  }
}
