{
  "name": "@nodenv/nodenv-package-json-engine",
  "version": "3.0.3",
  "lockfileVersion": 1,
  "requires": true,
  "dependencies": {
    "@nodenv/nodenv": {
      "version": "1.3.0",
      "resolved": "https://registry.npmjs.org/@nodenv/nodenv/-/nodenv-1.3.0.tgz",
      "integrity": "sha512-Vs9W+e8hMOoLwEFGF3LGB7CO3n7eK5Du2HZoOadMAMxPlD1Cdq0vlJgtWFxIcXxICKrjXCiVYU2eS6ICV0u5qw==",
      "dev": true
    },
    "JSON.sh": {
      "version": "0.3.3",
      "resolved": "https://registry.npmjs.org/JSON.sh/-/JSON.sh-0.3.3.tgz",
      "integrity": "sha1-OgVKdi8yq5iamSZJZ1QV4JU+4Hg="
    },
    "bats": {
      "version": "1.1.0",
      "resolved": "https://registry.npmjs.org/bats/-/bats-1.1.0.tgz",
      "integrity": "sha512-1pA29OhDByrUtAXX+nmqZxgRgx2y8PvuZzbLJVjd2dpEDVDvz0MjcBMdmIPNq5lC+tG53G+RbeRsbIlv3vw7tg==",
      "dev": true
    },
    "bats-assert": {
      "version": "github:jasonkarns/bats-assert-1#8200039faf9790c05d9865490c97a0e101b9c80f",
      "from": "github:jasonkarns/bats-assert-1",
      "dev": true
    },
    "bats-support": {
      "version": "github:jasonkarns/bats-support#004e707638eedd62e0481e8cdc9223ad471f12ee",
      "from": "github:jasonkarns/bats-support",
      "dev": true
    },
    "brew-publish": {
      "version": "2.3.1",
      "resolved": "https://registry.npmjs.org/brew-publish/-/brew-publish-2.3.1.tgz",
      "integrity": "sha512-JtitWM9jtnQk2gerUbvpiYJqUPYrvU43Wet1FDm9w81nJJO4BLAeVLUTFWQTQkV7QtE3AVO203R/67NeTMxzVw==",
      "dev": true
    },
    "sh-semver": {
      "version": "github:qzb/sh-semver#a962f9d2f3d26b2da3d4116661cc207fe50bb99c",
      "from": "github:qzb/sh-semver"
    },
    "shellcheck": {
      "version": "0.3.0",
      "resolved": "https://registry.npmjs.org/shellcheck/-/shellcheck-0.3.0.tgz",
      "integrity": "sha512-6I/5hSgP433kUNYL0HLNm3wu/w89Em5mYqfPEut/NIfyd9Wv8R3Y+Uupu1iTdzxwomMqJIR+DzH9NIGskpkRoA==",
      "dev": true
    }
  }
}
